
Microsoft Visual Studio Solution File, Format Version 12.00
# Visual Studio Version 16
VisualStudioVersion = 16.0.29102.190
MinimumVisualStudioVersion = 10.0.40219.1
Project("{FAE04EC0-301F-11D3-BF4B-00C04F79EFBC}") = "QR_Code_gen", "QR_Code_gen.csproj", "{4C1A9EC0-D42A-46A2-B626-CAE244CEDA69}"
EndProject
Global
	GlobalSection(SolutionConfigurationPlatforms) = preSolution
		Debug|Any CPU = Debug|Any CPU
		Release|Any CPU = Release|Any CPU
	EndGlobalSection
	GlobalSection(ProjectConfigurationPlatforms) = postSolution
		{4C1A9EC0-D42A-46A2-B626-CAE244CEDA69}.Debug|Any CPU.ActiveCfg = Debug|Any CPU
		{4C1A9EC0-D42A-46A2-B626-CAE244CEDA69}.Debug|Any CPU.Build.0 = Debug|Any CPU
		{4C1A9EC0-D42A-46A2-B626-CAE244CEDA69}.Release|Any CPU.ActiveCfg = Release|Any CPU
		{4C1A9EC0-D42A-46A2-B626-CAE244CEDA69}.Release|Any CPU.Build.0 = Release|Any CPU
	EndGlobalSection
	GlobalSection(SolutionProperties) = preSolution
		HideSolutionNode = FALSE
	EndGlobalSection
	GlobalSection(ExtensibilityGlobals) = postSolution
		SolutionGuid = {257EA6D5-B389-4FD4-AC67-662BF66A00AA}
	EndGlobalSection
EndGlobal
